
Microsoft Visual Studio Solution File, Format Version 12.00
Project("{FAE04EC0-301F-11D3-BF4B-00C04F79EFBC}") = "Sandbox", "Sandbox\Sandbox.csproj", "{2AEBFBE2-483B-40A9-8E44-E39F780A8192}"
EndProject
Global
	GlobalSection(SolutionConfigurationPlatforms) = preSolution
		Debug|Any CPU = Debug|Any CPU
		Release|Any CPU = Release|Any CPU
	EndGlobalSection
	GlobalSection(ProjectConfigurationPlatforms) = postSolution
		{2AEBFBE2-483B-40A9-8E44-E39F780A8192}.Debug|Any CPU.ActiveCfg = Debug|Any CPU
		{2AEBFBE2-483B-40A9-8E44-E39F780A8192}.Debug|Any CPU.Build.0 = Debug|Any CPU
		{2AEBFBE2-483B-40A9-8E44-E39F780A8192}.Release|Any CPU.ActiveCfg = Release|Any CPU
		{2AEBFBE2-483B-40A9-8E44-E39F780A8192}.Release|Any CPU.Build.0 = Release|Any CPU
	EndGlobalSection
EndGlobal
